{
  "requires": true,
  "lockfileVersion": 1,
  "dependencies": {
    "tiny-slider": {
      "version": "2.9.4",
      "resolved": "https://registry.npmjs.org/tiny-slider/-/tiny-slider-2.9.4.tgz",
      "integrity": "sha512-LAs2kldWcY+BqCKw4kxd4CMx2RhWrHyEePEsymlOIISTlOVkjfK40sSD7ay73eKXBLg/UkluAZpcfCstimHXew=="
    },
    "tiny-slider-react": {
      "version": "0.5.6",
      "resolved": "https://registry.npmjs.org/tiny-slider-react/-/tiny-slider-react-0.5.6.tgz",
      "integrity": "sha512-W0zzEOTL9vtTJT5aUCAJBb6g0XdRKP4eML3CE2FI9Pg8PmxvLoolECcWSAjtfPdU+dPQ9P1dLhabMjn6T094nQ==",
      "requires": {
        "tiny-slider": "^2.9.3"
      }
    }
  }
}
