{
  "name": "dad-memorial-slideshow",
  "version": "1.0.0",
  "lockfileVersion": 1,
  "requires": true,
  "dependencies": {
    "font-awesome": {
      "version": "4.7.0",
      "resolved": "https://registry.npmjs.org/font-awesome/-/font-awesome-4.7.0.tgz",
      "integrity": "sha512-U6kGnykA/6bFmg1M/oT9EkFeIYv7JlX3bozwQJWiiLz6L0w3F5vBVPxHlwyX/vtNq1ckcpRKOB9f2Qal/VtFpg=="
    },
    "photoswipe": {
      "version": "5.3.0",
      "resolved": "https://registry.npmjs.org/photoswipe/-/photoswipe-5.3.0.tgz",
      "integrity": "sha512-vZMwziQorjiagzX7EvWimVT0YHO0DWNtR9UT6cv3yW1FA199LgsTpj4ziB2oJ/X/197gKmi56Oux5PudWUAmuw=="
    },
    "tiny-slider": {
      "version": "2.9.4",
      "resolved": "https://registry.npmjs.org/tiny-slider/-/tiny-slider-2.9.4.tgz",
      "integrity": "sha512-LAs2kldWcY+BqCKw4kxd4CMx2RhWrHyEePEsymlOIISTlOVkjfK40sSD7ay73eKXBLg/UkluAZpcfCstimHXew=="
    }
  }
}
